
Microsoft Visual Studio Solution File, Format Version 12.00
# Visual Studio Version 17
VisualStudioVersion = 17.11.35312.102
MinimumVisualStudioVersion = 10.0.40219.1
Project("{9A19103F-16F7-4668-BE54-9A1E7A4F7556}") = "LebirunDev", "LebirunDev\LebirunDev.csproj", "{172BBB3B-8A21-4644-B1BC-8ED7281D2229}"
EndProject
Global
	GlobalSection(SolutionConfigurationPlatforms) = preSolution
		Debug|Any CPU = Debug|Any CPU
		Release|Any CPU = Release|Any CPU
	EndGlobalSection
	GlobalSection(ProjectConfigurationPlatforms) = postSolution
		{172BBB3B-8A21-4644-B1BC-8ED7281D2229}.Debug|Any CPU.ActiveCfg = Debug|Any CPU
		{172BBB3B-8A21-4644-B1BC-8ED7281D2229}.Debug|Any CPU.Build.0 = Debug|Any CPU
		{172BBB3B-8A21-4644-B1BC-8ED7281D2229}.Release|Any CPU.ActiveCfg = Release|Any CPU
		{172BBB3B-8A21-4644-B1BC-8ED7281D2229}.Release|Any CPU.Build.0 = Release|Any CPU
	EndGlobalSection
	GlobalSection(SolutionProperties) = preSolution
		HideSolutionNode = FALSE
	EndGlobalSection
	GlobalSection(ExtensibilityGlobals) = postSolution
		SolutionGuid = {6275FD34-3A75-464D-ADE4-544638C658D0}
	EndGlobalSection
EndGlobal
